
Microsoft Visual Studio Solution File, Format Version 12.00
# Visual Studio Version 17
VisualStudioVersion = 17.11.35222.181
MinimumVisualStudioVersion = 10.0.40219.1
Project("{FAE04EC0-301F-11D3-BF4B-00C04F79EFBC}") = "Testapp3", "Testapp3\Testapp3.csproj", "{ECFA9061-73EF-4181-B53A-550E4C144F3A}"
EndProject
Global
	GlobalSection(SolutionConfigurationPlatforms) = preSolution
		Debug|Any CPU = Debug|Any CPU
		Release|Any CPU = Release|Any CPU
	EndGlobalSection
	GlobalSection(ProjectConfigurationPlatforms) = postSolution
		{ECFA9061-73EF-4181-B53A-550E4C144F3A}.Debug|Any CPU.ActiveCfg = Debug|Any CPU
		{ECFA9061-73EF-4181-B53A-550E4C144F3A}.Debug|Any CPU.Build.0 = Debug|Any CPU
		{ECFA9061-73EF-4181-B53A-550E4C144F3A}.Release|Any CPU.ActiveCfg = Release|Any CPU
		{ECFA9061-73EF-4181-B53A-550E4C144F3A}.Release|Any CPU.Build.0 = Release|Any CPU
	EndGlobalSection
	GlobalSection(SolutionProperties) = preSolution
		HideSolutionNode = FALSE
	EndGlobalSection
	GlobalSection(ExtensibilityGlobals) = postSolution
		SolutionGuid = {B4705B33-4596-48E1-860A-7C26E4E2A673}
	EndGlobalSection
EndGlobal
